# This file is automatically @generated by Poetry 1.5.5 and should not be changed by hand.

[[package]]
name = "watchdog"
version = "5.0.1"
description = "Filesystem events monitoring"
optional = false
python-versions = ">=3.9"
files = [
    {file = "watchdog-5.0.1-cp310-cp310-macosx_10_9_universal2.whl", hash = "sha256:a6b8c6c82ada78479a0df568d27d69aa07105aba9301ac66d1ae162645f4ba34"},
    {file = "watchdog-5.0.1-cp310-cp310-macosx_10_9_x86_64.whl", hash = "sha256:1e8ca9b7f5f03d2f0556a43db1e9adf1e5af6adf52e0890f781324514b67a612"},
    {file = "watchdog-5.0.1-cp310-cp310-macosx_11_0_arm64.whl", hash = "sha256:c92812a358eabebe92b12b9290d16dc95c8003654658f6b2676c9a2103a73ceb"},
    {file = "watchdog-5.0.1-cp311-cp311-macosx_10_9_universal2.whl", hash = "sha256:a03a6ccb846ead406a25a0b702d0a6b88fdfa77becaf907cfcfce7737ebbda1f"},
    {file = "watchdog-5.0.1-cp311-cp311-macosx_10_9_x86_64.whl", hash = "sha256:39f0de161a822402f0f00c68b82349a4d71c9814e749148ca2b083a25606dbf9"},
    {file = "watchdog-5.0.1-cp311-cp311-macosx_11_0_arm64.whl", hash = "sha256:5541a8765c4090decb4dba55d3dceb57724748a717ceaba8dc4f213edb0026e0"},
    {file = "watchdog-5.0.1-cp312-cp312-macosx_10_9_universal2.whl", hash = "sha256:e321f1561adea30e447130882efe451af519646178d04189d6ba91a8cd7d88a5"},
    {file = "watchdog-5.0.1-cp312-cp312-macosx_10_9_x86_64.whl", hash = "sha256:c4ae0b3e95455fa9d959aa3b253c87845ad454ef188a4bf5a69cab287c131216"},
    {file = "watchdog-5.0.1-cp312-cp312-macosx_11_0_arm64.whl", hash = "sha256:b2d56425dfa0c1e6f8a510f21d3d54ef7fe50bbc29638943c2cb1394b7b49156"},
    {file = "watchdog-5.0.1-cp313-cp313-macosx_10_13_universal2.whl", hash = "sha256:70e30116849f4ec52240eb1fad83d27e525eae179bfe1c09b3bf120163d731b6"},
    {file = "watchdog-5.0.1-cp313-cp313-macosx_10_13_x86_64.whl", hash = "sha256:f66df2c152edf5a2fe472bb2f8a5d562165bcf6cf9686cee5d75e524c21ca895"},
    {file = "watchdog-5.0.1-cp313-cp313-macosx_11_0_arm64.whl", hash = "sha256:6bb68d9adb9c45f0dc1c2b12f4fb6eab0463a8f9741e371e4ede6769064e0785"},
    {file = "watchdog-5.0.1-cp39-cp39-macosx_10_9_universal2.whl", hash = "sha256:6fbb4dd5ace074a2969825fde10034b35b31efcb6973defb22eb945b1d3acc37"},
    {file = "watchdog-5.0.1-cp39-cp39-macosx_10_9_x86_64.whl", hash = "sha256:753c6a4c1eea9d3b96cd58159b49103e66cb288216a414ab9ad234ccc7642ec2"},
    {file = "watchdog-5.0.1-cp39-cp39-macosx_11_0_arm64.whl", hash = "sha256:20a28c8b0b3edf4ea2b27fb3527fc0a348e983f22a4317d316bb561524391932"},
    {file = "watchdog-5.0.1-pp310-pypy310_pp73-macosx_10_15_x86_64.whl", hash = "sha256:a1cd7c919940b15f253db8279a579fb81e4e4e434b39b11a1cb7f54fe3fa46a6"},
    {file = "watchdog-5.0.1-pp310-pypy310_pp73-macosx_11_0_arm64.whl", hash = "sha256:a791dfc050ed24b82f7f100ae794192594fe863a7e9bdafcdfa5c6e405a981e5"},
    {file = "watchdog-5.0.1-pp39-pypy39_pp73-macosx_10_15_x86_64.whl", hash = "sha256:8ba1472b5fa7c644e49641f70d7ccc567f70b54d776defa5d6f755dc2edc3fbb"},
    {file = "watchdog-5.0.1-pp39-pypy39_pp73-macosx_11_0_arm64.whl", hash = "sha256:b21e6601efe8453514c2fc21aca57fb5413c3d8b157bfe520b05b57b1788a167"},
    {file = "watchdog-5.0.1-py3-none-manylinux2014_aarch64.whl", hash = "sha256:763c6f82bb65504b47d4aea268462b2fb662676676356e04787f332a11f03eb0"},
    {file = "watchdog-5.0.1-py3-none-manylinux2014_armv7l.whl", hash = "sha256:664917cd513538728875a42d5654584b533da88cf06680452c98e73b45466968"},
    {file = "watchdog-5.0.1-py3-none-manylinux2014_i686.whl", hash = "sha256:39e828c4270452b966bc9d814911a3c7e24c62d726d2a3245f5841664ff56b5e"},
    {file = "watchdog-5.0.1-py3-none-manylinux2014_ppc64.whl", hash = "sha256:59ec6111f3750772badae3403ef17263489ed6f27ac01ec50c0244b2afa258fb"},
    {file = "watchdog-5.0.1-py3-none-manylinux2014_ppc64le.whl", hash = "sha256:f3006361dba2005552cc8aa49c44d16a10e0a1939bb3286e888a14f722122808"},
    {file = "watchdog-5.0.1-py3-none-manylinux2014_s390x.whl", hash = "sha256:72dbdffe4aa0c36c59f4a5190bceeb7fdfdf849ab98a562b3a783a64cc6dacdd"},
    {file = "watchdog-5.0.1-py3-none-manylinux2014_x86_64.whl", hash = "sha256:c93aa24899cb4e8a51492c7ccc420bea45ced502fe9ef2e83f9ab1107e5a13b5"},
    {file = "watchdog-5.0.1-py3-none-win32.whl", hash = "sha256:2b8cd627b76194e725ed6f48d9524b1ad93a51a0dc3bd0225c56023716245091"},
    {file = "watchdog-5.0.1-py3-none-win_amd64.whl", hash = "sha256:4eaebff2f938f5325788cef26521891b2d8ecc8e7852aa123a9b458815f93875"},
    {file = "watchdog-5.0.1-py3-none-win_ia64.whl", hash = "sha256:9b1b32f89f95162f09aea6e15d9384f6e0490152f10d7ed241f8a85cddc50658"},
    {file = "watchdog-5.0.1.tar.gz", hash = "sha256:f0180e84e6493ef7c82e051334e8c9b00ffd89fa9de5e0613d3c267f6ccf2d38"},
]

[package.extras]
watchmedo = ["PyYAML (>=3.10)"]

[metadata]
lock-version = "2.0"
python-versions = "^3.10"
content-hash = "1791b4f222647b41b971f41b3107032ac8f98aed986ef0fa818ddf6c7f211f39"
